// !$*UTF8*$!
{
	archiveVersion = 1;
	classes = {
	};
	objectVersion = 46;
	objects = {

/* Begin PBXBuildFile section */
		037402D81BDBD58300389DCC /* finger.cpp in Sources */ = {isa = PBXBuildFile; fileRef = 037402D71BDBD58300389DCC /* finger.cpp */; };
		037402FF1BDBDB0B00389DCC /* myo.framework in Frameworks */ = {isa = PBXBuildFile; fileRef = 037402FE1BDBDB0B00389DCC /* myo.framework */; };
		037403001BDBDB2200389DCC /* myo.framework in CopyFiles */ = {isa = PBXBuildFile; fileRef = 037402FE1BDBDB0B00389DCC /* myo.framework */; };
		037403211BDC45B600389DCC /* libLeap.dylib in Frameworks */ = {isa = PBXBuildFile; fileRef = 0374031E1BDC45B600389DCC /* libLeap.dylib */; };
		037403221BDC472A00389DCC /* libLeap.dylib in CopyFiles */ = {isa = PBXBuildFile; fileRef = 0374031E1BDC45B600389DCC /* libLeap.dylib */; };
		037403291BDCDC2800389DCC /* sfml-audio.framework in Frameworks */ = {isa = PBXBuildFile; fileRef = 037403231BDCDC2800389DCC /* sfml-audio.framework */; };
		0374032A1BDCDC2800389DCC /* sfml-graphics.framework in Frameworks */ = {isa = PBXBuildFile; fileRef = 037403241BDCDC2800389DCC /* sfml-graphics.framework */; };
		0374032B1BDCDC2800389DCC /* sfml-network.framework in Frameworks */ = {isa = PBXBuildFile; fileRef = 037403251BDCDC2800389DCC /* sfml-network.framework */; };
		0374032C1BDCDC2800389DCC /* sfml-system.framework in Frameworks */ = {isa = PBXBuildFile; fileRef = 037403261BDCDC2800389DCC /* sfml-system.framework */; };
		0374032D1BDCDC2800389DCC /* sfml-window.framework in Frameworks */ = {isa = PBXBuildFile; fileRef = 037403271BDCDC2800389DCC /* sfml-window.framework */; };
		0374032E1BDCDC2800389DCC /* SFML.framework in Frameworks */ = {isa = PBXBuildFile; fileRef = 037403281BDCDC2800389DCC /* SFML.framework */; };
		0374032F1BDCDD0600389DCC /* sfml-audio.framework in CopyFiles */ = {isa = PBXBuildFile; fileRef = 037403231BDCDC2800389DCC /* sfml-audio.framework */; };
		037403301BDCDD0600389DCC /* sfml-graphics.framework in CopyFiles */ = {isa = PBXBuildFile; fileRef = 037403241BDCDC2800389DCC /* sfml-graphics.framework */; };
		037403311BDCDD0600389DCC /* sfml-network.framework in CopyFiles */ = {isa = PBXBuildFile; fileRef = 037403251BDCDC2800389DCC /* sfml-network.framework */; };
		037403321BDCDD0600389DCC /* sfml-system.framework in CopyFiles */ = {isa = PBXBuildFile; fileRef = 037403261BDCDC2800389DCC /* sfml-system.framework */; };
		037403331BDCDD0600389DCC /* sfml-window.framework in CopyFiles */ = {isa = PBXBuildFile; fileRef = 037403271BDCDC2800389DCC /* sfml-window.framework */; };
		037403341BDCDD0600389DCC /* SFML.framework in CopyFiles */ = {isa = PBXBuildFile; fileRef = 037403281BDCDC2800389DCC /* SFML.framework */; };
		037403461BDCEBCB00389DCC /* 2F.wav in CopyFiles */ = {isa = PBXBuildFile; fileRef = 037403421BDCDD8C00389DCC /* 2F.wav */; };
		037403471BDCEBCB00389DCC /* 2G.wav in CopyFiles */ = {isa = PBXBuildFile; fileRef = 037403431BDCDD8C00389DCC /* 2G.wav */; };
		037403481BDCEBCB00389DCC /* 1A.wav in CopyFiles */ = {isa = PBXBuildFile; fileRef = 037403361BDCDD8200389DCC /* 1A.wav */; };
		037403491BDCEBCB00389DCC /* 1B.wav in CopyFiles */ = {isa = PBXBuildFile; fileRef = 037403371BDCDD8200389DCC /* 1B.wav */; };
		0374034A1BDCEBCB00389DCC /* 1C.wav in CopyFiles */ = {isa = PBXBuildFile; fileRef = 037403381BDCDD8200389DCC /* 1C.wav */; };
		0374034B1BDCEBCB00389DCC /* 1D.wav in CopyFiles */ = {isa = PBXBuildFile; fileRef = 037403391BDCDD8200389DCC /* 1D.wav */; };
		0374034C1BDCEBCB00389DCC /* 1E.wav in CopyFiles */ = {isa = PBXBuildFile; fileRef = 0374033A1BDCDD8200389DCC /* 1E.wav */; };
		0374034D1BDCEBCB00389DCC /* 1F.wav in CopyFiles */ = {isa = PBXBuildFile; fileRef = 0374033B1BDCDD8200389DCC /* 1F.wav */; };
		0374034E1BDCEBCB00389DCC /* 1G.wav in CopyFiles */ = {isa = PBXBuildFile; fileRef = 0374033C1BDCDD8200389DCC /* 1G.wav */; };
		0374034F1BDCEBCB00389DCC /* 2A.wav in CopyFiles */ = {isa = PBXBuildFile; fileRef = 0374033D1BDCDD8200389DCC /* 2A.wav */; };
		037403501BDCEBCB00389DCC /* 2B.wav in CopyFiles */ = {isa = PBXBuildFile; fileRef = 0374033E1BDCDD8200389DCC /* 2B.wav */; };
		037403511BDCEBCB00389DCC /* 2C.wav in CopyFiles */ = {isa = PBXBuildFile; fileRef = 0374033F1BDCDD8200389DCC /* 2C.wav */; };
		037403521BDCEBCB00389DCC /* 2D.wav in CopyFiles */ = {isa = PBXBuildFile; fileRef = 037403401BDCDD8200389DCC /* 2D.wav */; };
		037403531BDCEBCB00389DCC /* 2E.wav in CopyFiles */ = {isa = PBXBuildFile; fileRef = 037403411BDCDD8200389DCC /* 2E.wav */; };
/* End PBXBuildFile section */

/* Begin PBXCopyFilesBuildPhase section */
		037402D21BDBD58300389DCC /* CopyFiles */ = {
			isa = PBXCopyFilesBuildPhase;
			buildActionMask = 12;
			dstPath = "";
			dstSubfolderSpec = 16;
			files = (
				037403461BDCEBCB00389DCC /* 2F.wav in CopyFiles */,
				037403471BDCEBCB00389DCC /* 2G.wav in CopyFiles */,
				037403481BDCEBCB00389DCC /* 1A.wav in CopyFiles */,
				037403491BDCEBCB00389DCC /* 1B.wav in CopyFiles */,
				0374034A1BDCEBCB00389DCC /* 1C.wav in CopyFiles */,
				0374034B1BDCEBCB00389DCC /* 1D.wav in CopyFiles */,
				0374034C1BDCEBCB00389DCC /* 1E.wav in CopyFiles */,
				0374034D1BDCEBCB00389DCC /* 1F.wav in CopyFiles */,
				0374034E1BDCEBCB00389DCC /* 1G.wav in CopyFiles */,
				0374034F1BDCEBCB00389DCC /* 2A.wav in CopyFiles */,
				037403501BDCEBCB00389DCC /* 2B.wav in CopyFiles */,
				037403511BDCEBCB00389DCC /* 2C.wav in CopyFiles */,
				037403521BDCEBCB00389DCC /* 2D.wav in CopyFiles */,
				037403531BDCEBCB00389DCC /* 2E.wav in CopyFiles */,
				0374032F1BDCDD0600389DCC /* sfml-audio.framework in CopyFiles */,
				037403301BDCDD0600389DCC /* sfml-graphics.framework in CopyFiles */,
				037403311BDCDD0600389DCC /* sfml-network.framework in CopyFiles */,
				037403321BDCDD0600389DCC /* sfml-system.framework in CopyFiles */,
				037403331BDCDD0600389DCC /* sfml-window.framework in CopyFiles */,
				037403341BDCDD0600389DCC /* SFML.framework in CopyFiles */,
				037403221BDC472A00389DCC /* libLeap.dylib in CopyFiles */,
				037403001BDBDB2200389DCC /* myo.framework in CopyFiles */,
			);
			runOnlyForDeploymentPostprocessing = 0;
		};
/* End PBXCopyFilesBuildPhase section */

/* Begin PBXFileReference section */
		037402D41BDBD58300389DCC /* finger */ = {isa = PBXFileReference; explicitFileType = "compiled.mach-o.executable"; includeInIndex = 0; path = finger; sourceTree = BUILT_PRODUCTS_DIR; };
		037402D71BDBD58300389DCC /* finger.cpp */ = {isa = PBXFileReference; lastKnownFileType = sourcecode.cpp.cpp; name = finger.cpp; path = finger/finger.cpp; sourceTree = SOURCE_ROOT; };
		037402FE1BDBDB0B00389DCC /* myo.framework */ = {isa = PBXFileReference; lastKnownFileType = wrapper.framework; path = myo.framework; sourceTree = "<group>"; };
		0374031E1BDC45B600389DCC /* libLeap.dylib */ = {isa = PBXFileReference; lastKnownFileType = "compiled.mach-o.dylib"; path = libLeap.dylib; sourceTree = "<group>"; };
		0374031F1BDC45B600389DCC /* LeapMath.h */ = {isa = PBXFileReference; fileEncoding = 4; lastKnownFileType = sourcecode.c.h; path = LeapMath.h; sourceTree = "<group>"; };
		037403201BDC45B600389DCC /* Leap.h */ = {isa = PBXFileReference; fileEncoding = 4; lastKnownFileType = sourcecode.c.h; path = Leap.h; sourceTree = "<group>"; };
		037403231BDCDC2800389DCC /* sfml-audio.framework */ = {isa = PBXFileReference; lastKnownFileType = wrapper.framework; path = "sfml-audio.framework"; sourceTree = "<group>"; };
		037403241BDCDC2800389DCC /* sfml-graphics.framework */ = {isa = PBXFileReference; lastKnownFileType = wrapper.framework; path = "sfml-graphics.framework"; sourceTree = "<group>"; };
		037403251BDCDC2800389DCC /* sfml-network.framework */ = {isa = PBXFileReference; lastKnownFileType = wrapper.framework; path = "sfml-network.framework"; sourceTree = "<group>"; };
		037403261BDCDC2800389DCC /* sfml-system.framework */ = {isa = PBXFileReference; lastKnownFileType = wrapper.framework; path = "sfml-system.framework"; sourceTree = "<group>"; };
		037403271BDCDC2800389DCC /* sfml-window.framework */ = {isa = PBXFileReference; lastKnownFileType = wrapper.framework; path = "sfml-window.framework"; sourceTree = "<group>"; };
		037403281BDCDC2800389DCC /* SFML.framework */ = {isa = PBXFileReference; lastKnownFileType = wrapper.framework; path = SFML.framework; sourceTree = "<group>"; };
		037403351BDCDD2F00389DCC /* SFML */ = {isa = PBXFileReference; lastKnownFileType = folder; path = SFML; sourceTree = "<group>"; };
		037403361BDCDD8200389DCC /* 1A.wav */ = {isa = PBXFileReference; lastKnownFileType = audio.wav; path = 1A.wav; sourceTree = "<group>"; };
		037403371BDCDD8200389DCC /* 1B.wav */ = {isa = PBXFileReference; lastKnownFileType = audio.wav; path = 1B.wav; sourceTree = "<group>"; };
		037403381BDCDD8200389DCC /* 1C.wav */ = {isa = PBXFileReference; lastKnownFileType = audio.wav; path = 1C.wav; sourceTree = "<group>"; };
		037403391BDCDD8200389DCC /* 1D.wav */ = {isa = PBXFileReference; lastKnownFileType = audio.wav; path = 1D.wav; sourceTree = "<group>"; };
		0374033A1BDCDD8200389DCC /* 1E.wav */ = {isa = PBXFileReference; lastKnownFileType = audio.wav; path = 1E.wav; sourceTree = "<group>"; };
		0374033B1BDCDD8200389DCC /* 1F.wav */ = {isa = PBXFileReference; lastKnownFileType = audio.wav; path = 1F.wav; sourceTree = "<group>"; };
		0374033C1BDCDD8200389DCC /* 1G.wav */ = {isa = PBXFileReference; lastKnownFileType = audio.wav; path = 1G.wav; sourceTree = "<group>"; };
		0374033D1BDCDD8200389DCC /* 2A.wav */ = {isa = PBXFileReference; lastKnownFileType = audio.wav; path = 2A.wav; sourceTree = "<group>"; };
		0374033E1BDCDD8200389DCC /* 2B.wav */ = {isa = PBXFileReference; lastKnownFileType = audio.wav; path = 2B.wav; sourceTree = "<group>"; };
		0374033F1BDCDD8200389DCC /* 2C.wav */ = {isa = PBXFileReference; lastKnownFileType = audio.wav; path = 2C.wav; sourceTree = "<group>"; };
		037403401BDCDD8200389DCC /* 2D.wav */ = {isa = PBXFileReference; lastKnownFileType = audio.wav; path = 2D.wav; sourceTree = "<group>"; };
		037403411BDCDD8200389DCC /* 2E.wav */ = {isa = PBXFileReference; lastKnownFileType = audio.wav; path = 2E.wav; sourceTree = "<group>"; };
		037403421BDCDD8C00389DCC /* 2F.wav */ = {isa = PBXFileReference; lastKnownFileType = audio.wav; path = 2F.wav; sourceTree = "<group>"; };
		037403431BDCDD8C00389DCC /* 2G.wav */ = {isa = PBXFileReference; lastKnownFileType = audio.wav; path = 2G.wav; sourceTree = "<group>"; };
/* End PBXFileReference section */

/* Begin PBXFrameworksBuildPhase section */
		037402D11BDBD58300389DCC /* Frameworks */ = {
			isa = PBXFrameworksBuildPhase;
			buildActionMask = 2147483647;
			files = (
				037403291BDCDC2800389DCC /* sfml-audio.framework in Frameworks */,
				037403211BDC45B600389DCC /* libLeap.dylib in Frameworks */,
				037402FF1BDBDB0B00389DCC /* myo.framework in Frameworks */,
				0374032D1BDCDC2800389DCC /* sfml-window.framework in Frameworks */,
				0374032E1BDCDC2800389DCC /* SFML.framework in Frameworks */,
				0374032C1BDCDC2800389DCC /* sfml-system.framework in Frameworks */,
				0374032B1BDCDC2800389DCC /* sfml-network.framework in Frameworks */,
				0374032A1BDCDC2800389DCC /* sfml-graphics.framework in Frameworks */,
			);
			runOnlyForDeploymentPostprocessing = 0;
		};
/* End PBXFrameworksBuildPhase section */

/* Begin PBXGroup section */
		037402CB1BDBD58300389DCC = {
			isa = PBXGroup;
			children = (
				037402E01BDBD5DD00389DCC /* Frameworks */,
				037402D61BDBD58300389DCC /* finger */,
				037402D51BDBD58300389DCC /* Products */,
			);
			sourceTree = "<group>";
		};
		037402D51BDBD58300389DCC /* Products */ = {
			isa = PBXGroup;
			children = (
				037402D41BDBD58300389DCC /* finger */,
			);
			name = Products;
			sourceTree = "<group>";
		};
		037402D61BDBD58300389DCC /* finger */ = {
			isa = PBXGroup;
			children = (
				037402D71BDBD58300389DCC /* finger.cpp */,
			);
			path = finger;
			sourceTree = "<group>";
		};
		037402E01BDBD5DD00389DCC /* Frameworks */ = {
			isa = PBXGroup;
			children = (
				037403421BDCDD8C00389DCC /* 2F.wav */,
				037403431BDCDD8C00389DCC /* 2G.wav */,
				037403361BDCDD8200389DCC /* 1A.wav */,
				037403371BDCDD8200389DCC /* 1B.wav */,
				037403381BDCDD8200389DCC /* 1C.wav */,
				037403391BDCDD8200389DCC /* 1D.wav */,
				0374033A1BDCDD8200389DCC /* 1E.wav */,
				0374033B1BDCDD8200389DCC /* 1F.wav */,
				0374033C1BDCDD8200389DCC /* 1G.wav */,
				0374033D1BDCDD8200389DCC /* 2A.wav */,
				0374033E1BDCDD8200389DCC /* 2B.wav */,
				0374033F1BDCDD8200389DCC /* 2C.wav */,
				037403401BDCDD8200389DCC /* 2D.wav */,
				037403411BDCDD8200389DCC /* 2E.wav */,
				037403351BDCDD2F00389DCC /* SFML */,
				037403231BDCDC2800389DCC /* sfml-audio.framework */,
				037403241BDCDC2800389DCC /* sfml-graphics.framework */,
				037403251BDCDC2800389DCC /* sfml-network.framework */,
				037403261BDCDC2800389DCC /* sfml-system.framework */,
				037403271BDCDC2800389DCC /* sfml-window.framework */,
				037403281BDCDC2800389DCC /* SFML.framework */,
				0374031E1BDC45B600389DCC /* libLeap.dylib */,
				0374031F1BDC45B600389DCC /* LeapMath.h */,
				037403201BDC45B600389DCC /* Leap.h */,
				037402FE1BDBDB0B00389DCC /* myo.framework */,
			);
			name = Frameworks;
			sourceTree = "<group>";
		};
/* End PBXGroup section */

/* Begin PBXNativeTarget section */
		037402D31BDBD58300389DCC /* finger */ = {
			isa = PBXNativeTarget;
			buildConfigurationList = 037402DB1BDBD58300389DCC /* Build configuration list for PBXNativeTarget "finger" */;
			buildPhases = (
				037402D01BDBD58300389DCC /* Sources */,
				037402D11BDBD58300389DCC /* Frameworks */,
				037402D21BDBD58300389DCC /* CopyFiles */,
			);
			buildRules = (
			);
			dependencies = (
			);
			name = finger;
			productName = finger;
			productReference = 037402D41BDBD58300389DCC /* finger */;
			productType = "com.apple.product-type.tool";
		};
/* End PBXNativeTarget section */

/* Begin PBXProject section */
		037402CC1BDBD58300389DCC /* Project object */ = {
			isa = PBXProject;
			attributes = {
				LastUpgradeCheck = 0710;
				ORGANIZATIONNAME = "Devin Mui";
				TargetAttributes = {
					037402D31BDBD58300389DCC = {
						CreatedOnToolsVersion = 7.1;
					};
				};
			};
			buildConfigurationList = 037402CF1BDBD58300389DCC /* Build configuration list for PBXProject "finger" */;
			compatibilityVersion = "Xcode 3.2";
			developmentRegion = English;
			hasScannedForEncodings = 0;
			knownRegions = (
				en,
			);
			mainGroup = 037402CB1BDBD58300389DCC;
			productRefGroup = 037402D51BDBD58300389DCC /* Products */;
			projectDirPath = "";
			projectRoot = "";
			targets = (
				037402D31BDBD58300389DCC /* finger */,
			);
		};
/* End PBXProject section */

/* Begin PBXSourcesBuildPhase section */
		037402D01BDBD58300389DCC /* Sources */ = {
			isa = PBXSourcesBuildPhase;
			buildActionMask = 2147483647;
			files = (
				037402D81BDBD58300389DCC /* finger.cpp in Sources */,
			);
			runOnlyForDeploymentPostprocessing = 0;
		};
/* End PBXSourcesBuildPhase section */

/* Begin XCBuildConfiguration section */
		037402D91BDBD58300389DCC /* Debug */ = {
			isa = XCBuildConfiguration;
			buildSettings = {
				ALWAYS_SEARCH_USER_PATHS = NO;
				CLANG_CXX_LANGUAGE_STANDARD = "gnu++0x";
				CLANG_CXX_LIBRARY = "libc++";
				CLANG_ENABLE_MODULES = YES;
				CLANG_ENABLE_OBJC_ARC = YES;
				CLANG_WARN_BOOL_CONVERSION = YES;
				CLANG_WARN_CONSTANT_CONVERSION = YES;
				CLANG_WARN_DIRECT_OBJC_ISA_USAGE = YES_ERROR;
				CLANG_WARN_EMPTY_BODY = YES;
				CLANG_WARN_ENUM_CONVERSION = YES;
				CLANG_WARN_INT_CONVERSION = YES;
				CLANG_WARN_OBJC_ROOT_CLASS = YES_ERROR;
				CLANG_WARN_UNREACHABLE_CODE = YES;
				CLANG_WARN__DUPLICATE_METHOD_MATCH = YES;
				CODE_SIGN_IDENTITY = "-";
				COPY_PHASE_STRIP = NO;
				DEBUG_INFORMATION_FORMAT = dwarf;
				ENABLE_STRICT_OBJC_MSGSEND = YES;
				ENABLE_TESTABILITY = YES;
				GCC_C_LANGUAGE_STANDARD = gnu99;
				GCC_DYNAMIC_NO_PIC = NO;
				GCC_NO_COMMON_BLOCKS = YES;
				GCC_OPTIMIZATION_LEVEL = 0;
				GCC_PREPROCESSOR_DEFINITIONS = (
					"DEBUG=1",
					"$(inherited)",
				);
				GCC_WARN_64_TO_32_BIT_CONVERSION = YES;
				GCC_WARN_ABOUT_RETURN_TYPE = YES_ERROR;
				GCC_WARN_UNDECLARED_SELECTOR = YES;
				GCC_WARN_UNINITIALIZED_AUTOS = YES_AGGRESSIVE;
				GCC_WARN_UNUSED_FUNCTION = YES;
				GCC_WARN_UNUSED_VARIABLE = YES;
				MACOSX_DEPLOYMENT_TARGET = 10.10;
				MTL_ENABLE_DEBUG_INFO = YES;
				ONLY_ACTIVE_ARCH = YES;
				SDKROOT = macosx;
			};
			name = Debug;
		};
		037402DA1BDBD58300389DCC /* Release */ = {
			isa = XCBuildConfiguration;
			buildSettings = {
				ALWAYS_SEARCH_USER_PATHS = NO;
				CLANG_CXX_LANGUAGE_STANDARD = "gnu++0x";
				CLANG_CXX_LIBRARY = "libc++";
				CLANG_ENABLE_MODULES = YES;
				CLANG_ENABLE_OBJC_ARC = YES;
				CLANG_WARN_BOOL_CONVERSION = YES;
				CLANG_WARN_CONSTANT_CONVERSION = YES;
				CLANG_WARN_DIRECT_OBJC_ISA_USAGE = YES_ERROR;
				CLANG_WARN_EMPTY_BODY = YES;
				CLANG_WARN_ENUM_CONVERSION = YES;
				CLANG_WARN_INT_CONVERSION = YES;
				CLANG_WARN_OBJC_ROOT_CLASS = YES_ERROR;
				CLANG_WARN_UNREACHABLE_CODE = YES;
				CLANG_WARN__DUPLICATE_METHOD_MATCH = YES;
				CODE_SIGN_IDENTITY = "-";
				COPY_PHASE_STRIP = NO;
				DEBUG_INFORMATION_FORMAT = "dwarf-with-dsym";
				ENABLE_NS_ASSERTIONS = NO;
				ENABLE_STRICT_OBJC_MSGSEND = YES;
				GCC_C_LANGUAGE_STANDARD = gnu99;
				GCC_NO_COMMON_BLOCKS = YES;
				GCC_WARN_64_TO_32_BIT_CONVERSION = YES;
				GCC_WARN_ABOUT_RETURN_TYPE = YES_ERROR;
				GCC_WARN_UNDECLARED_SELECTOR = YES;
				GCC_WARN_UNINITIALIZED_AUTOS = YES_AGGRESSIVE;
				GCC_WARN_UNUSED_FUNCTION = YES;
				GCC_WARN_UNUSED_VARIABLE = YES;
				MACOSX_DEPLOYMENT_TARGET = 10.10;
				MTL_ENABLE_DEBUG_INFO = NO;
				SDKROOT = macosx;
			};
			name = Release;
		};
		037402DC1BDBD58300389DCC /* Debug */ = {
			isa = XCBuildConfiguration;
			buildSettings = {
				FRAMEWORK_SEARCH_PATHS = (
					"$(inherited)",
					"$(PROJECT_DIR)",
				);
				LD_RUNPATH_SEARCH_PATHS = "@rpath @loader_path @executable_path/Frameworks @rpath/Frameworks @rpath/../Frameworks";
				LIBRARY_SEARCH_PATHS = (
					"$(inherited)",
					"$(PROJECT_DIR)",
				);
				PRODUCT_NAME = "$(TARGET_NAME)";
				STRIP_INSTALLED_PRODUCT = YES;
			};
			name = Debug;
		};
		037402DD1BDBD58300389DCC /* Release */ = {
			isa = XCBuildConfiguration;
			buildSettings = {
				FRAMEWORK_SEARCH_PATHS = (
					"$(inherited)",
					"$(PROJECT_DIR)",
				);
				LD_RUNPATH_SEARCH_PATHS = "@rpath @loader_path @executable_path/Frameworks @rpath/Frameworks @rpath/../Frameworks";
				LIBRARY_SEARCH_PATHS = (
					"$(inherited)",
					"$(PROJECT_DIR)",
				);
				PRODUCT_NAME = "$(TARGET_NAME)";
				STRIP_INSTALLED_PRODUCT = YES;
			};
			name = Release;
		};
/* End XCBuildConfiguration section */

/* Begin XCConfigurationList section */
		037402CF1BDBD58300389DCC /* Build configuration list for PBXProject "finger" */ = {
			isa = XCConfigurationList;
			buildConfigurations = (
				037402D91BDBD58300389DCC /* Debug */,
				037402DA1BDBD58300389DCC /* Release */,
			);
			defaultConfigurationIsVisible = 0;
			defaultConfigurationName = Release;
		};
		037402DB1BDBD58300389DCC /* Build configuration list for PBXNativeTarget "finger" */ = {
			isa = XCConfigurationList;
			buildConfigurations = (
				037402DC1BDBD58300389DCC /* Debug */,
				037402DD1BDBD58300389DCC /* Release */,
			);
			defaultConfigurationIsVisible = 0;
			defaultConfigurationName = Release;
		};
/* End XCConfigurationList section */
	};
	rootObject = 037402CC1BDBD58300389DCC /* Project object */;
}
